{
  "pins" : [
    {
      "identity" : "applovin-max-swift-package",
      "kind" : "remoteSourceControl",
      "location" : "https://github.com/AppLovin/AppLovin-MAX-Swift-Package.git",
      "state" : {
        "revision" : "7460c1ef0853422ce02961d0a437efd2db550258",
        "version" : "13.0.0"
      }
    }
  ],
  "version" : 2
}
